
Microsoft Visual Studio Solution File, Format Version 12.00
# Visual Studio 2012
Project("{FAE04EC0-301F-11D3-BF4B-00C04F79EFBC}") = "GeneratingExceptionClasses", "GeneratingExceptionClasses\GeneratingExceptionClasses.csproj", "{2F4EBEED-6B9E-4C85-B97F-BD3D1B5AAE9B}"
EndProject
Project("{FAE04EC0-301F-11D3-BF4B-00C04F79EFBC}") = "StaticReflection", "StaticReflection\StaticReflection.csproj", "{A95B35CF-B65B-4CBB-9AD5-6BE0A8C5A34E}"
EndProject
Project("{FAE04EC0-301F-11D3-BF4B-00C04F79EFBC}") = "CheckedRegex", "CheckedRegex\CheckedRegex.csproj", "{343A6605-C6C0-43D3-93DF-2A2C58656048}"
EndProject
Global
	GlobalSection(SolutionConfigurationPlatforms) = preSolution
		Debug|Any CPU = Debug|Any CPU
		Release|Any CPU = Release|Any CPU
	EndGlobalSection
	GlobalSection(ProjectConfigurationPlatforms) = postSolution
		{2F4EBEED-6B9E-4C85-B97F-BD3D1B5AAE9B}.Debug|Any CPU.ActiveCfg = Debug|Any CPU
		{2F4EBEED-6B9E-4C85-B97F-BD3D1B5AAE9B}.Debug|Any CPU.Build.0 = Debug|Any CPU
		{2F4EBEED-6B9E-4C85-B97F-BD3D1B5AAE9B}.Release|Any CPU.ActiveCfg = Release|Any CPU
		{2F4EBEED-6B9E-4C85-B97F-BD3D1B5AAE9B}.Release|Any CPU.Build.0 = Release|Any CPU
		{A95B35CF-B65B-4CBB-9AD5-6BE0A8C5A34E}.Debug|Any CPU.ActiveCfg = Debug|Any CPU
		{A95B35CF-B65B-4CBB-9AD5-6BE0A8C5A34E}.Debug|Any CPU.Build.0 = Debug|Any CPU
		{A95B35CF-B65B-4CBB-9AD5-6BE0A8C5A34E}.Release|Any CPU.ActiveCfg = Release|Any CPU
		{A95B35CF-B65B-4CBB-9AD5-6BE0A8C5A34E}.Release|Any CPU.Build.0 = Release|Any CPU
		{343A6605-C6C0-43D3-93DF-2A2C58656048}.Debug|Any CPU.ActiveCfg = Debug|Any CPU
		{343A6605-C6C0-43D3-93DF-2A2C58656048}.Debug|Any CPU.Build.0 = Debug|Any CPU
		{343A6605-C6C0-43D3-93DF-2A2C58656048}.Release|Any CPU.ActiveCfg = Release|Any CPU
		{343A6605-C6C0-43D3-93DF-2A2C58656048}.Release|Any CPU.Build.0 = Release|Any CPU
	EndGlobalSection
	GlobalSection(SolutionProperties) = preSolution
		HideSolutionNode = FALSE
	EndGlobalSection
EndGlobal
